
Microsoft Visual Studio Solution File, Format Version 12.00
# Visual Studio Version 17
VisualStudioVersion = 17.9.34310.174
MinimumVisualStudioVersion = 10.0.40219.1
Project("{FAE04EC0-301F-11D3-BF4B-00C04F79EFBC}") = "Durak", "Durak.csproj", "{44BAEBDB-CD66-4A17-9B92-E8356352CE3C}"
EndProject
Global
	GlobalSection(SolutionConfigurationPlatforms) = preSolution
		Debug|Any CPU = Debug|Any CPU
		Release|Any CPU = Release|Any CPU
	EndGlobalSection
	GlobalSection(ProjectConfigurationPlatforms) = postSolution
		{44BAEBDB-CD66-4A17-9B92-E8356352CE3C}.Debug|Any CPU.ActiveCfg = Debug|Any CPU
		{44BAEBDB-CD66-4A17-9B92-E8356352CE3C}.Debug|Any CPU.Build.0 = Debug|Any CPU
		{44BAEBDB-CD66-4A17-9B92-E8356352CE3C}.Release|Any CPU.ActiveCfg = Release|Any CPU
		{44BAEBDB-CD66-4A17-9B92-E8356352CE3C}.Release|Any CPU.Build.0 = Release|Any CPU
	EndGlobalSection
	GlobalSection(SolutionProperties) = preSolution
		HideSolutionNode = FALSE
	EndGlobalSection
	GlobalSection(ExtensibilityGlobals) = postSolution
		SolutionGuid = {CEFC5A6B-1BB2-4DF5-8D5D-8E0AE81ECB99}
	EndGlobalSection
EndGlobal
